
Microsoft Visual Studio Solution File, Format Version 12.00
# Visual Studio Version 17
VisualStudioVersion = 17.8.34511.84
MinimumVisualStudioVersion = 10.0.40219.1
Project("{FAE04EC0-301F-11D3-BF4B-00C04F79EFBC}") = "Scramble", "Scramble.csproj", "{5EAA6CE1-3915-45A1-B8F3-AE239B208739}"
EndProject
Global
	GlobalSection(SolutionConfigurationPlatforms) = preSolution
		Debug|Any CPU = Debug|Any CPU
		Release|Any CPU = Release|Any CPU
	EndGlobalSection
	GlobalSection(ProjectConfigurationPlatforms) = postSolution
		{5EAA6CE1-3915-45A1-B8F3-AE239B208739}.Debug|Any CPU.ActiveCfg = Debug|Any CPU
		{5EAA6CE1-3915-45A1-B8F3-AE239B208739}.Debug|Any CPU.Build.0 = Debug|Any CPU
		{5EAA6CE1-3915-45A1-B8F3-AE239B208739}.Release|Any CPU.ActiveCfg = Release|Any CPU
		{5EAA6CE1-3915-45A1-B8F3-AE239B208739}.Release|Any CPU.Build.0 = Release|Any CPU
	EndGlobalSection
	GlobalSection(SolutionProperties) = preSolution
		HideSolutionNode = FALSE
	EndGlobalSection
	GlobalSection(ExtensibilityGlobals) = postSolution
		SolutionGuid = {17CC1307-45D9-4CA9-B4CF-ABEDF34A5048}
	EndGlobalSection
EndGlobal
